
Microsoft Visual Studio Solution File, Format Version 12.00
# Visual Studio Version 17
VisualStudioVersion = 17.0.32014.148
MinimumVisualStudioVersion = 10.0.40219.1
Project("{8BC9CEB8-8B4A-11D0-8D11-00A0C91BC942}") = "DataStructre_Project1", "DataStructre_Project1.vcxproj", "{CA53C349-80D1-41A0-AED0-0A89C84F2982}"
EndProject
Global
	GlobalSection(SolutionConfigurationPlatforms) = preSolution
		Debug|x64 = Debug|x64
		Debug|x86 = Debug|x86
		Release|x64 = Release|x64
		Release|x86 = Release|x86
	EndGlobalSection
	GlobalSection(ProjectConfigurationPlatforms) = postSolution
		{CA53C349-80D1-41A0-AED0-0A89C84F2982}.Debug|x64.ActiveCfg = Debug|x64
		{CA53C349-80D1-41A0-AED0-0A89C84F2982}.Debug|x64.Build.0 = Debug|x64
		{CA53C349-80D1-41A0-AED0-0A89C84F2982}.Debug|x86.ActiveCfg = Debug|Win32
		{CA53C349-80D1-41A0-AED0-0A89C84F2982}.Debug|x86.Build.0 = Debug|Win32
		{CA53C349-80D1-41A0-AED0-0A89C84F2982}.Release|x64.ActiveCfg = Release|x64
		{CA53C349-80D1-41A0-AED0-0A89C84F2982}.Release|x64.Build.0 = Release|x64
		{CA53C349-80D1-41A0-AED0-0A89C84F2982}.Release|x86.ActiveCfg = Release|Win32
		{CA53C349-80D1-41A0-AED0-0A89C84F2982}.Release|x86.Build.0 = Release|Win32
	EndGlobalSection
	GlobalSection(SolutionProperties) = preSolution
		HideSolutionNode = FALSE
	EndGlobalSection
	GlobalSection(ExtensibilityGlobals) = postSolution
		SolutionGuid = {D178D84D-2AC4-4789-BA68-47F9FD9440C6}
	EndGlobalSection
EndGlobal
